
Microsoft Visual Studio Solution File, Format Version 12.00
# Visual Studio Version 17
VisualStudioVersion = 17.0.31903.59
MinimumVisualStudioVersion = 10.0.40219.1
Project("{2150E333-8FDC-42A3-9474-1A3956D46DE8}") = "src", "src", "{827E0CD3-B72D-47B6-A68D-7590B98EB39B}"
EndProject
Project("{FAE04EC0-301F-11D3-BF4B-00C04F79EFBC}") = "Catalog.API", "src\Catalog.API\Catalog.API.csproj", "{88E22900-3E0D-4C57-97E0-D9E7B12C64C6}"
EndProject
Project("{FAE04EC0-301F-11D3-BF4B-00C04F79EFBC}") = "EventBusRabbitMQ", "src\EventBusRabbitMQ\EventBusRabbitMQ.csproj", "{6ACEAB3B-440B-4E1E-A1D4-D7AC2B14693B}"
EndProject
Project("{FAE04EC0-301F-11D3-BF4B-00C04F79EFBC}") = "EventBus", "src\EventBus\EventBus.csproj", "{B7F2BFDE-6D4D-4BCA-B994-70B67A9EFF39}"
EndProject
Project("{FAE04EC0-301F-11D3-BF4B-00C04F79EFBC}") = "IntegrationEventLogEF", "src\IntegrationEventLogEF\IntegrationEventLogEF.csproj", "{8AC1C899-17CA-4EC8-82F1-2F50E534A835}"
EndProject
Project("{FAE04EC0-301F-11D3-BF4B-00C04F79EFBC}") = "eShop.ServiceDefaults", "src\eShop.ServiceDefaults\eShop.ServiceDefaults.csproj", "{000CA967-EC50-4BA2-A09B-842253CDA2EF}"
EndProject
Project("{FAE04EC0-301F-11D3-BF4B-00C04F79EFBC}") = "Basket.API", "src\Basket.API\Basket.API.csproj", "{E89F489B-2366-493D-8717-D9E58E03182F}"
EndProject
Project("{FAE04EC0-301F-11D3-BF4B-00C04F79EFBC}") = "Ordering.API", "src\Ordering.API\Ordering.API.csproj", "{5EBF5782-E112-40EA-9FF1-4F03DBCBA512}"
EndProject
Project("{FAE04EC0-301F-11D3-BF4B-00C04F79EFBC}") = "Ordering.Domain", "src\Ordering.Domain\Ordering.Domain.csproj", "{EC71BB12-95FF-46AD-BFEA-D4AF07A91934}"
EndProject
Project("{FAE04EC0-301F-11D3-BF4B-00C04F79EFBC}") = "Ordering.Infrastructure", "src\Ordering.Infrastructure\Ordering.Infrastructure.csproj", "{F62B93CE-8D98-4B6B-899A-F7375CD0771A}"
EndProject
Project("{FAE04EC0-301F-11D3-BF4B-00C04F79EFBC}") = "Identity.API", "src\Identity.API\Identity.API.csproj", "{9A357663-AFCD-41DE-869C-F10D1AD44003}"
EndProject
Project("{2150E333-8FDC-42A3-9474-1A3956D46DE8}") = "tests", "tests", "{0AB3BF05-4346-4AA6-1389-037BE0695223}"
EndProject
Project("{FAE04EC0-301F-11D3-BF4B-00C04F79EFBC}") = "Catalog.FunctionalTests", "tests\Catalog.FunctionalTests\Catalog.FunctionalTests.csproj", "{25566E5D-E5D0-40E0-994B-23D8654B1926}"
EndProject
Project("{FAE04EC0-301F-11D3-BF4B-00C04F79EFBC}") = "Basket.UnitTests", "tests\Basket.UnitTests\Basket.UnitTests.csproj", "{E6129B43-2390-4EB0-B5DA-71AB30323E8F}"
EndProject
Project("{FAE04EC0-301F-11D3-BF4B-00C04F79EFBC}") = "Ordering.UnitTests", "tests\Ordering.UnitTests\Ordering.UnitTests.csproj", "{2990A70C-8326-41AC-901C-FCA3E2622301}"
EndProject
Project("{FAE04EC0-301F-11D3-BF4B-00C04F79EFBC}") = "Ordering.FunctionalTests", "tests\Ordering.FunctionalTests\Ordering.FunctionalTests.csproj", "{B5F078FF-652F-4B66-AADF-314338B716BF}"
EndProject
Global
	GlobalSection(SolutionConfigurationPlatforms) = preSolution
		Debug|Any CPU = Debug|Any CPU
		Debug|x64 = Debug|x64
		Debug|x86 = Debug|x86
		Release|Any CPU = Release|Any CPU
		Release|x64 = Release|x64
		Release|x86 = Release|x86
	EndGlobalSection
	GlobalSection(ProjectConfigurationPlatforms) = postSolution
		{88E22900-3E0D-4C57-97E0-D9E7B12C64C6}.Debug|Any CPU.ActiveCfg = Debug|Any CPU
		{88E22900-3E0D-4C57-97E0-D9E7B12C64C6}.Debug|Any CPU.Build.0 = Debug|Any CPU
		{88E22900-3E0D-4C57-97E0-D9E7B12C64C6}.Debug|x64.ActiveCfg = Debug|Any CPU
		{88E22900-3E0D-4C57-97E0-D9E7B12C64C6}.Debug|x64.Build.0 = Debug|Any CPU
		{88E22900-3E0D-4C57-97E0-D9E7B12C64C6}.Debug|x86.ActiveCfg = Debug|Any CPU
		{88E22900-3E0D-4C57-97E0-D9E7B12C64C6}.Debug|x86.Build.0 = Debug|Any CPU
		{88E22900-3E0D-4C57-97E0-D9E7B12C64C6}.Release|Any CPU.ActiveCfg = Release|Any CPU
		{88E22900-3E0D-4C57-97E0-D9E7B12C64C6}.Release|Any CPU.Build.0 = Release|Any CPU
		{88E22900-3E0D-4C57-97E0-D9E7B12C64C6}.Release|x64.ActiveCfg = Release|Any CPU
		{88E22900-3E0D-4C57-97E0-D9E7B12C64C6}.Release|x64.Build.0 = Release|Any CPU
		{88E22900-3E0D-4C57-97E0-D9E7B12C64C6}.Release|x86.ActiveCfg = Release|Any CPU
		{88E22900-3E0D-4C57-97E0-D9E7B12C64C6}.Release|x86.Build.0 = Release|Any CPU
		{6ACEAB3B-440B-4E1E-A1D4-D7AC2B14693B}.Debug|Any CPU.ActiveCfg = Debug|Any CPU
		{6ACEAB3B-440B-4E1E-A1D4-D7AC2B14693B}.Debug|Any CPU.Build.0 = Debug|Any CPU
		{6ACEAB3B-440B-4E1E-A1D4-D7AC2B14693B}.Debug|x64.ActiveCfg = Debug|Any CPU
		{6ACEAB3B-440B-4E1E-A1D4-D7AC2B14693B}.Debug|x64.Build.0 = Debug|Any CPU
		{6ACEAB3B-440B-4E1E-A1D4-D7AC2B14693B}.Debug|x86.ActiveCfg = Debug|Any CPU
		{6ACEAB3B-440B-4E1E-A1D4-D7AC2B14693B}.Debug|x86.Build.0 = Debug|Any CPU
		{6ACEAB3B-440B-4E1E-A1D4-D7AC2B14693B}.Release|Any CPU.ActiveCfg = Release|Any CPU
		{6ACEAB3B-440B-4E1E-A1D4-D7AC2B14693B}.Release|Any CPU.Build.0 = Release|Any CPU
		{6ACEAB3B-440B-4E1E-A1D4-D7AC2B14693B}.Release|x64.ActiveCfg = Release|Any CPU
		{6ACEAB3B-440B-4E1E-A1D4-D7AC2B14693B}.Release|x64.Build.0 = Release|Any CPU
		{6ACEAB3B-440B-4E1E-A1D4-D7AC2B14693B}.Release|x86.ActiveCfg = Release|Any CPU
		{6ACEAB3B-440B-4E1E-A1D4-D7AC2B14693B}.Release|x86.Build.0 = Release|Any CPU
		{B7F2BFDE-6D4D-4BCA-B994-70B67A9EFF39}.Debug|Any CPU.ActiveCfg = Debug|Any CPU
		{B7F2BFDE-6D4D-4BCA-B994-70B67A9EFF39}.Debug|Any CPU.Build.0 = Debug|Any CPU
		{B7F2BFDE-6D4D-4BCA-B994-70B67A9EFF39}.Debug|x64.ActiveCfg = Debug|Any CPU
		{B7F2BFDE-6D4D-4BCA-B994-70B67A9EFF39}.Debug|x64.Build.0 = Debug|Any CPU
		{B7F2BFDE-6D4D-4BCA-B994-70B67A9EFF39}.Debug|x86.ActiveCfg = Debug|Any CPU
		{B7F2BFDE-6D4D-4BCA-B994-70B67A9EFF39}.Debug|x86.Build.0 = Debug|Any CPU
		{B7F2BFDE-6D4D-4BCA-B994-70B67A9EFF39}.Release|Any CPU.ActiveCfg = Release|Any CPU
		{B7F2BFDE-6D4D-4BCA-B994-70B67A9EFF39}.Release|Any CPU.Build.0 = Release|Any CPU
		{B7F2BFDE-6D4D-4BCA-B994-70B67A9EFF39}.Release|x64.ActiveCfg = Release|Any CPU
		{B7F2BFDE-6D4D-4BCA-B994-70B67A9EFF39}.Release|x64.Build.0 = Release|Any CPU
		{B7F2BFDE-6D4D-4BCA-B994-70B67A9EFF39}.Release|x86.ActiveCfg = Release|Any CPU
		{B7F2BFDE-6D4D-4BCA-B994-70B67A9EFF39}.Release|x86.Build.0 = Release|Any CPU
		{8AC1C899-17CA-4EC8-82F1-2F50E534A835}.Debug|Any CPU.ActiveCfg = Debug|Any CPU
		{8AC1C899-17CA-4EC8-82F1-2F50E534A835}.Debug|Any CPU.Build.0 = Debug|Any CPU
		{8AC1C899-17CA-4EC8-82F1-2F50E534A835}.Debug|x64.ActiveCfg = Debug|Any CPU
		{8AC1C899-17CA-4EC8-82F1-2F50E534A835}.Debug|x64.Build.0 = Debug|Any CPU
		{8AC1C899-17CA-4EC8-82F1-2F50E534A835}.Debug|x86.ActiveCfg = Debug|Any CPU
		{8AC1C899-17CA-4EC8-82F1-2F50E534A835}.Debug|x86.Build.0 = Debug|Any CPU
		{8AC1C899-17CA-4EC8-82F1-2F50E534A835}.Release|Any CPU.ActiveCfg = Release|Any CPU
		{8AC1C899-17CA-4EC8-82F1-2F50E534A835}.Release|Any CPU.Build.0 = Release|Any CPU
		{8AC1C899-17CA-4EC8-82F1-2F50E534A835}.Release|x64.ActiveCfg = Release|Any CPU
		{8AC1C899-17CA-4EC8-82F1-2F50E534A835}.Release|x64.Build.0 = Release|Any CPU
		{8AC1C899-17CA-4EC8-82F1-2F50E534A835}.Release|x86.ActiveCfg = Release|Any CPU
		{8AC1C899-17CA-4EC8-82F1-2F50E534A835}.Release|x86.Build.0 = Release|Any CPU
		{000CA967-EC50-4BA2-A09B-842253CDA2EF}.Debug|Any CPU.ActiveCfg = Debug|Any CPU
		{000CA967-EC50-4BA2-A09B-842253CDA2EF}.Debug|Any CPU.Build.0 = Debug|Any CPU
		{000CA967-EC50-4BA2-A09B-842253CDA2EF}.Debug|x64.ActiveCfg = Debug|Any CPU
		{000CA967-EC50-4BA2-A09B-842253CDA2EF}.Debug|x64.Build.0 = Debug|Any CPU
		{000CA967-EC50-4BA2-A09B-842253CDA2EF}.Debug|x86.ActiveCfg = Debug|Any CPU
		{000CA967-EC50-4BA2-A09B-842253CDA2EF}.Debug|x86.Build.0 = Debug|Any CPU
		{000CA967-EC50-4BA2-A09B-842253CDA2EF}.Release|Any CPU.ActiveCfg = Release|Any CPU
		{000CA967-EC50-4BA2-A09B-842253CDA2EF}.Release|Any CPU.Build.0 = Release|Any CPU
		{000CA967-EC50-4BA2-A09B-842253CDA2EF}.Release|x64.ActiveCfg = Release|Any CPU
		{000CA967-EC50-4BA2-A09B-842253CDA2EF}.Release|x64.Build.0 = Release|Any CPU
		{000CA967-EC50-4BA2-A09B-842253CDA2EF}.Release|x86.ActiveCfg = Release|Any CPU
		{000CA967-EC50-4BA2-A09B-842253CDA2EF}.Release|x86.Build.0 = Release|Any CPU
		{E89F489B-2366-493D-8717-D9E58E03182F}.Debug|Any CPU.ActiveCfg = Debug|Any CPU
		{E89F489B-2366-493D-8717-D9E58E03182F}.Debug|Any CPU.Build.0 = Debug|Any CPU
		{E89F489B-2366-493D-8717-D9E58E03182F}.Debug|x64.ActiveCfg = Debug|Any CPU
		{E89F489B-2366-493D-8717-D9E58E03182F}.Debug|x64.Build.0 = Debug|Any CPU
		{E89F489B-2366-493D-8717-D9E58E03182F}.Debug|x86.ActiveCfg = Debug|Any CPU
		{E89F489B-2366-493D-8717-D9E58E03182F}.Debug|x86.Build.0 = Debug|Any CPU
		{E89F489B-2366-493D-8717-D9E58E03182F}.Release|Any CPU.ActiveCfg = Release|Any CPU
		{E89F489B-2366-493D-8717-D9E58E03182F}.Release|Any CPU.Build.0 = Release|Any CPU
		{E89F489B-2366-493D-8717-D9E58E03182F}.Release|x64.ActiveCfg = Release|Any CPU
		{E89F489B-2366-493D-8717-D9E58E03182F}.Release|x64.Build.0 = Release|Any CPU
		{E89F489B-2366-493D-8717-D9E58E03182F}.Release|x86.ActiveCfg = Release|Any CPU
		{E89F489B-2366-493D-8717-D9E58E03182F}.Release|x86.Build.0 = Release|Any CPU
		{5EBF5782-E112-40EA-9FF1-4F03DBCBA512}.Debug|Any CPU.ActiveCfg = Debug|Any CPU
		{5EBF5782-E112-40EA-9FF1-4F03DBCBA512}.Debug|Any CPU.Build.0 = Debug|Any CPU
		{5EBF5782-E112-40EA-9FF1-4F03DBCBA512}.Debug|x64.ActiveCfg = Debug|Any CPU
		{5EBF5782-E112-40EA-9FF1-4F03DBCBA512}.Debug|x64.Build.0 = Debug|Any CPU
		{5EBF5782-E112-40EA-9FF1-4F03DBCBA512}.Debug|x86.ActiveCfg = Debug|Any CPU
		{5EBF5782-E112-40EA-9FF1-4F03DBCBA512}.Debug|x86.Build.0 = Debug|Any CPU
		{5EBF5782-E112-40EA-9FF1-4F03DBCBA512}.Release|Any CPU.ActiveCfg = Release|Any CPU
		{5EBF5782-E112-40EA-9FF1-4F03DBCBA512}.Release|Any CPU.Build.0 = Release|Any CPU
		{5EBF5782-E112-40EA-9FF1-4F03DBCBA512}.Release|x64.ActiveCfg = Release|Any CPU
		{5EBF5782-E112-40EA-9FF1-4F03DBCBA512}.Release|x64.Build.0 = Release|Any CPU
		{5EBF5782-E112-40EA-9FF1-4F03DBCBA512}.Release|x86.ActiveCfg = Release|Any CPU
		{5EBF5782-E112-40EA-9FF1-4F03DBCBA512}.Release|x86.Build.0 = Release|Any CPU
		{EC71BB12-95FF-46AD-BFEA-D4AF07A91934}.Debug|Any CPU.ActiveCfg = Debug|Any CPU
		{EC71BB12-95FF-46AD-BFEA-D4AF07A91934}.Debug|Any CPU.Build.0 = Debug|Any CPU
		{EC71BB12-95FF-46AD-BFEA-D4AF07A91934}.Debug|x64.ActiveCfg = Debug|Any CPU
		{EC71BB12-95FF-46AD-BFEA-D4AF07A91934}.Debug|x64.Build.0 = Debug|Any CPU
		{EC71BB12-95FF-46AD-BFEA-D4AF07A91934}.Debug|x86.ActiveCfg = Debug|Any CPU
		{EC71BB12-95FF-46AD-BFEA-D4AF07A91934}.Debug|x86.Build.0 = Debug|Any CPU
		{EC71BB12-95FF-46AD-BFEA-D4AF07A91934}.Release|Any CPU.ActiveCfg = Release|Any CPU
		{EC71BB12-95FF-46AD-BFEA-D4AF07A91934}.Release|Any CPU.Build.0 = Release|Any CPU
		{EC71BB12-95FF-46AD-BFEA-D4AF07A91934}.Release|x64.ActiveCfg = Release|Any CPU
		{EC71BB12-95FF-46AD-BFEA-D4AF07A91934}.Release|x64.Build.0 = Release|Any CPU
		{EC71BB12-95FF-46AD-BFEA-D4AF07A91934}.Release|x86.ActiveCfg = Release|Any CPU
		{EC71BB12-95FF-46AD-BFEA-D4AF07A91934}.Release|x86.Build.0 = Release|Any CPU
		{F62B93CE-8D98-4B6B-899A-F7375CD0771A}.Debug|Any CPU.ActiveCfg = Debug|Any CPU
		{F62B93CE-8D98-4B6B-899A-F7375CD0771A}.Debug|Any CPU.Build.0 = Debug|Any CPU
		{F62B93CE-8D98-4B6B-899A-F7375CD0771A}.Debug|x64.ActiveCfg = Debug|Any CPU
		{F62B93CE-8D98-4B6B-899A-F7375CD0771A}.Debug|x64.Build.0 = Debug|Any CPU
		{F62B93CE-8D98-4B6B-899A-F7375CD0771A}.Debug|x86.ActiveCfg = Debug|Any CPU
		{F62B93CE-8D98-4B6B-899A-F7375CD0771A}.Debug|x86.Build.0 = Debug|Any CPU
		{F62B93CE-8D98-4B6B-899A-F7375CD0771A}.Release|Any CPU.ActiveCfg = Release|Any CPU
		{F62B93CE-8D98-4B6B-899A-F7375CD0771A}.Release|Any CPU.Build.0 = Release|Any CPU
		{F62B93CE-8D98-4B6B-899A-F7375CD0771A}.Release|x64.ActiveCfg = Release|Any CPU
		{F62B93CE-8D98-4B6B-899A-F7375CD0771A}.Release|x64.Build.0 = Release|Any CPU
		{F62B93CE-8D98-4B6B-899A-F7375CD0771A}.Release|x86.ActiveCfg = Release|Any CPU
		{F62B93CE-8D98-4B6B-899A-F7375CD0771A}.Release|x86.Build.0 = Release|Any CPU
		{9A357663-AFCD-41DE-869C-F10D1AD44003}.Debug|Any CPU.ActiveCfg = Debug|Any CPU
		{9A357663-AFCD-41DE-869C-F10D1AD44003}.Debug|Any CPU.Build.0 = Debug|Any CPU
		{9A357663-AFCD-41DE-869C-F10D1AD44003}.Debug|x64.ActiveCfg = Debug|Any CPU
		{9A357663-AFCD-41DE-869C-F10D1AD44003}.Debug|x64.Build.0 = Debug|Any CPU
		{9A357663-AFCD-41DE-869C-F10D1AD44003}.Debug|x86.ActiveCfg = Debug|Any CPU
		{9A357663-AFCD-41DE-869C-F10D1AD44003}.Debug|x86.Build.0 = Debug|Any CPU
		{9A357663-AFCD-41DE-869C-F10D1AD44003}.Release|Any CPU.ActiveCfg = Release|Any CPU
		{9A357663-AFCD-41DE-869C-F10D1AD44003}.Release|Any CPU.Build.0 = Release|Any CPU
		{9A357663-AFCD-41DE-869C-F10D1AD44003}.Release|x64.ActiveCfg = Release|Any CPU
		{9A357663-AFCD-41DE-869C-F10D1AD44003}.Release|x64.Build.0 = Release|Any CPU
		{9A357663-AFCD-41DE-869C-F10D1AD44003}.Release|x86.ActiveCfg = Release|Any CPU
		{9A357663-AFCD-41DE-869C-F10D1AD44003}.Release|x86.Build.0 = Release|Any CPU
		{25566E5D-E5D0-40E0-994B-23D8654B1926}.Debug|Any CPU.ActiveCfg = Debug|Any CPU
		{25566E5D-E5D0-40E0-994B-23D8654B1926}.Debug|Any CPU.Build.0 = Debug|Any CPU
		{25566E5D-E5D0-40E0-994B-23D8654B1926}.Debug|x64.ActiveCfg = Debug|Any CPU
		{25566E5D-E5D0-40E0-994B-23D8654B1926}.Debug|x64.Build.0 = Debug|Any CPU
		{25566E5D-E5D0-40E0-994B-23D8654B1926}.Debug|x86.ActiveCfg = Debug|Any CPU
		{25566E5D-E5D0-40E0-994B-23D8654B1926}.Debug|x86.Build.0 = Debug|Any CPU
		{25566E5D-E5D0-40E0-994B-23D8654B1926}.Release|Any CPU.ActiveCfg = Release|Any CPU
		{25566E5D-E5D0-40E0-994B-23D8654B1926}.Release|Any CPU.Build.0 = Release|Any CPU
		{25566E5D-E5D0-40E0-994B-23D8654B1926}.Release|x64.ActiveCfg = Release|Any CPU
		{25566E5D-E5D0-40E0-994B-23D8654B1926}.Release|x64.Build.0 = Release|Any CPU
		{25566E5D-E5D0-40E0-994B-23D8654B1926}.Release|x86.ActiveCfg = Release|Any CPU
		{25566E5D-E5D0-40E0-994B-23D8654B1926}.Release|x86.Build.0 = Release|Any CPU
		{E6129B43-2390-4EB0-B5DA-71AB30323E8F}.Debug|Any CPU.ActiveCfg = Debug|Any CPU
		{E6129B43-2390-4EB0-B5DA-71AB30323E8F}.Debug|Any CPU.Build.0 = Debug|Any CPU
		{E6129B43-2390-4EB0-B5DA-71AB30323E8F}.Debug|x64.ActiveCfg = Debug|Any CPU
		{E6129B43-2390-4EB0-B5DA-71AB30323E8F}.Debug|x64.Build.0 = Debug|Any CPU
		{E6129B43-2390-4EB0-B5DA-71AB30323E8F}.Debug|x86.ActiveCfg = Debug|Any CPU
		{E6129B43-2390-4EB0-B5DA-71AB30323E8F}.Debug|x86.Build.0 = Debug|Any CPU
		{E6129B43-2390-4EB0-B5DA-71AB30323E8F}.Release|Any CPU.ActiveCfg = Release|Any CPU
		{E6129B43-2390-4EB0-B5DA-71AB30323E8F}.Release|Any CPU.Build.0 = Release|Any CPU
		{E6129B43-2390-4EB0-B5DA-71AB30323E8F}.Release|x64.ActiveCfg = Release|Any CPU
		{E6129B43-2390-4EB0-B5DA-71AB30323E8F}.Release|x64.Build.0 = Release|Any CPU
		{E6129B43-2390-4EB0-B5DA-71AB30323E8F}.Release|x86.ActiveCfg = Release|Any CPU
		{E6129B43-2390-4EB0-B5DA-71AB30323E8F}.Release|x86.Build.0 = Release|Any CPU
		{2990A70C-8326-41AC-901C-FCA3E2622301}.Debug|Any CPU.ActiveCfg = Debug|Any CPU
		{2990A70C-8326-41AC-901C-FCA3E2622301}.Debug|Any CPU.Build.0 = Debug|Any CPU
		{2990A70C-8326-41AC-901C-FCA3E2622301}.Debug|x64.ActiveCfg = Debug|Any CPU
		{2990A70C-8326-41AC-901C-FCA3E2622301}.Debug|x64.Build.0 = Debug|Any CPU
		{2990A70C-8326-41AC-901C-FCA3E2622301}.Debug|x86.ActiveCfg = Debug|Any CPU
		{2990A70C-8326-41AC-901C-FCA3E2622301}.Debug|x86.Build.0 = Debug|Any CPU
		{2990A70C-8326-41AC-901C-FCA3E2622301}.Release|Any CPU.ActiveCfg = Release|Any CPU
		{2990A70C-8326-41AC-901C-FCA3E2622301}.Release|Any CPU.Build.0 = Release|Any CPU
		{2990A70C-8326-41AC-901C-FCA3E2622301}.Release|x64.ActiveCfg = Release|Any CPU
		{2990A70C-8326-41AC-901C-FCA3E2622301}.Release|x64.Build.0 = Release|Any CPU
		{2990A70C-8326-41AC-901C-FCA3E2622301}.Release|x86.ActiveCfg = Release|Any CPU
		{2990A70C-8326-41AC-901C-FCA3E2622301}.Release|x86.Build.0 = Release|Any CPU
		{B5F078FF-652F-4B66-AADF-314338B716BF}.Debug|Any CPU.ActiveCfg = Debug|Any CPU
		{B5F078FF-652F-4B66-AADF-314338B716BF}.Debug|Any CPU.Build.0 = Debug|Any CPU
		{B5F078FF-652F-4B66-AADF-314338B716BF}.Debug|x64.ActiveCfg = Debug|Any CPU
		{B5F078FF-652F-4B66-AADF-314338B716BF}.Debug|x64.Build.0 = Debug|Any CPU
		{B5F078FF-652F-4B66-AADF-314338B716BF}.Debug|x86.ActiveCfg = Debug|Any CPU
		{B5F078FF-652F-4B66-AADF-314338B716BF}.Debug|x86.Build.0 = Debug|Any CPU
		{B5F078FF-652F-4B66-AADF-314338B716BF}.Release|Any CPU.ActiveCfg = Release|Any CPU
		{B5F078FF-652F-4B66-AADF-314338B716BF}.Release|Any CPU.Build.0 = Release|Any CPU
		{B5F078FF-652F-4B66-AADF-314338B716BF}.Release|x64.ActiveCfg = Release|Any CPU
		{B5F078FF-652F-4B66-AADF-314338B716BF}.Release|x64.Build.0 = Release|Any CPU
		{B5F078FF-652F-4B66-AADF-314338B716BF}.Release|x86.ActiveCfg = Release|Any CPU
		{B5F078FF-652F-4B66-AADF-314338B716BF}.Release|x86.Build.0 = Release|Any CPU
	EndGlobalSection
	GlobalSection(SolutionProperties) = preSolution
		HideSolutionNode = FALSE
	EndGlobalSection
	GlobalSection(NestedProjects) = preSolution
		{88E22900-3E0D-4C57-97E0-D9E7B12C64C6} = {827E0CD3-B72D-47B6-A68D-7590B98EB39B}
		{6ACEAB3B-440B-4E1E-A1D4-D7AC2B14693B} = {827E0CD3-B72D-47B6-A68D-7590B98EB39B}
		{B7F2BFDE-6D4D-4BCA-B994-70B67A9EFF39} = {827E0CD3-B72D-47B6-A68D-7590B98EB39B}
		{8AC1C899-17CA-4EC8-82F1-2F50E534A835} = {827E0CD3-B72D-47B6-A68D-7590B98EB39B}
		{000CA967-EC50-4BA2-A09B-842253CDA2EF} = {827E0CD3-B72D-47B6-A68D-7590B98EB39B}
		{E89F489B-2366-493D-8717-D9E58E03182F} = {827E0CD3-B72D-47B6-A68D-7590B98EB39B}
		{5EBF5782-E112-40EA-9FF1-4F03DBCBA512} = {827E0CD3-B72D-47B6-A68D-7590B98EB39B}
		{EC71BB12-95FF-46AD-BFEA-D4AF07A91934} = {827E0CD3-B72D-47B6-A68D-7590B98EB39B}
		{F62B93CE-8D98-4B6B-899A-F7375CD0771A} = {827E0CD3-B72D-47B6-A68D-7590B98EB39B}
		{9A357663-AFCD-41DE-869C-F10D1AD44003} = {827E0CD3-B72D-47B6-A68D-7590B98EB39B}
		{25566E5D-E5D0-40E0-994B-23D8654B1926} = {0AB3BF05-4346-4AA6-1389-037BE0695223}
		{E6129B43-2390-4EB0-B5DA-71AB30323E8F} = {0AB3BF05-4346-4AA6-1389-037BE0695223}
		{2990A70C-8326-41AC-901C-FCA3E2622301} = {0AB3BF05-4346-4AA6-1389-037BE0695223}
		{B5F078FF-652F-4B66-AADF-314338B716BF} = {0AB3BF05-4346-4AA6-1389-037BE0695223}
	EndGlobalSection
EndGlobal
